// !$*UTF8*$!
{
	archiveVersion = 1;
	classes = {
	};
	objectVersion = 56;
	objects = {

/* Begin PBXBuildFile section */
		13A1A0012C00000100000001 /* AppDelegate.swift in Sources */ = {isa = PBXBuildFile; fileRef = 13A1A0112C00000100000001 /* AppDelegate.swift */; };
		13A1A0022C00000100000001 /* SceneDelegate.swift in Sources */ = {isa = PBXBuildFile; fileRef = 13A1A0122C00000100000001 /* SceneDelegate.swift */; };
		13A1A0032C00000100000001 /* ScanViewController.swift in Sources */ = {isa = PBXBuildFile; fileRef = 13A1A0132C00000100000001 /* ScanViewController.swift */; };
		13A1A0042C00000100000001 /* LaunchScreen.storyboard in Resources */ = {isa = PBXBuildFile; fileRef = 13A1A0142C00000100000001 /* LaunchScreen.storyboard */; };
		13A1A0052C00000100000001 /* Assets.xcassets in Resources */ = {isa = PBXBuildFile; fileRef = 13A1A0162C00000100000001 /* Assets.xcassets */; };
		13A1A0062C00000100000001 /* ScanAppAction.swift in Sources */ = {isa = PBXBuildFile; fileRef = 13A1A0172C00000100000001 /* ScanAppAction.swift */; };
		13A1A0072C00000100000001 /* ScanCodeWidgetsBundle.swift in Sources */ = {isa = PBXBuildFile; fileRef = 13A1A01A2C00000100000001 /* ScanCodeWidgetsBundle.swift */; };
		13A1A0082C00000100000001 /* ScanWidget.swift in Sources */ = {isa = PBXBuildFile; fileRef = 13A1A01B2C00000100000001 /* ScanWidget.swift */; };
		13A1A0092C00000100000001 /* ScanAppAction.swift in Sources */ = {isa = PBXBuildFile; fileRef = 13A1A0172C00000100000001 /* ScanAppAction.swift */; };
		13A1A00A2C00000100000001 /* ScanCodeWidgetsExtension.appex in Embed App Extensions */ = {isa = PBXBuildFile; fileRef = 13A1A0192C00000100000001 /* ScanCodeWidgetsExtension.appex */; settings = {ATTRIBUTES = (CodeSignOnCopy, RemoveHeadersOnCopy, ); }; };
		13A1A00B2C00000100000001 /* ScanLiveActivityAttributes.swift in Sources */ = {isa = PBXBuildFile; fileRef = 13A1A01D2C00000100000001 /* ScanLiveActivityAttributes.swift */; };
		13A1A00C2C00000100000001 /* ScanLiveActivityAttributes.swift in Sources */ = {isa = PBXBuildFile; fileRef = 13A1A01D2C00000100000001 /* ScanLiveActivityAttributes.swift */; };
		13A1A00D2C00000100000001 /* ScanCodeLiveActivityWidget.swift in Sources */ = {isa = PBXBuildFile; fileRef = 13A1A01E2C00000100000001 /* ScanCodeLiveActivityWidget.swift */; };
		13A1A00E2C00000100000001 /* Assets.xcassets in Resources */ = {isa = PBXBuildFile; fileRef = 13A1A01F2C00000100000001 /* Assets.xcassets */; };
		13A1A00F2C00000100000001 /* MatrixRainOverlay.swift in Sources */ = {isa = PBXBuildFile; fileRef = 13A1A0182C00000100000001 /* MatrixRainOverlay.swift */; };
/* End PBXBuildFile section */

/* Begin PBXContainerItemProxy section */
		13A1A0B02C00000100000001 /* PBXContainerItemProxy */ = {
			isa = PBXContainerItemProxy;
			containerPortal = 13A1A0702C00000100000001 /* Project object */;
			proxyType = 1;
			remoteGlobalIDString = 13A1A0412C00000100000001;
			remoteInfo = ScanCodeWidgetsExtension;
		};
/* End PBXContainerItemProxy section */

/* Begin PBXCopyFilesBuildPhase section */
		13A1A0212C00000100000001 /* Embed App Extensions */ = {
			isa = PBXCopyFilesBuildPhase;
			buildActionMask = 2147483647;
			dstPath = "";
			dstSubfolderSpec = 13;
			files = (
				13A1A00A2C00000100000001 /* ScanCodeWidgetsExtension.appex in Embed App Extensions */,
			);
			name = "Embed App Extensions";
			runOnlyForDeploymentPostprocessing = 0;
		};
/* End PBXCopyFilesBuildPhase section */

/* Begin PBXFileReference section */
		13A1A0102C00000100000001 /* ScanCode.app */ = {isa = PBXFileReference; explicitFileType = wrapper.application; includeInIndex = 0; path = ScanCode.app; sourceTree = BUILT_PRODUCTS_DIR; };
		13A1A0112C00000100000001 /* AppDelegate.swift */ = {isa = PBXFileReference; lastKnownFileType = sourcecode.swift; path = AppDelegate.swift; sourceTree = "<group>"; };
		13A1A0122C00000100000001 /* SceneDelegate.swift */ = {isa = PBXFileReference; lastKnownFileType = sourcecode.swift; path = SceneDelegate.swift; sourceTree = "<group>"; };
		13A1A0132C00000100000001 /* ScanViewController.swift */ = {isa = PBXFileReference; lastKnownFileType = sourcecode.swift; path = ScanViewController.swift; sourceTree = "<group>"; };
		13A1A0142C00000100000001 /* LaunchScreen.storyboard */ = {isa = PBXFileReference; lastKnownFileType = file.storyboard; path = LaunchScreen.storyboard; sourceTree = "<group>"; };
		13A1A0152C00000100000001 /* Info.plist */ = {isa = PBXFileReference; lastKnownFileType = text.plist.xml; path = Info.plist; sourceTree = "<group>"; };
		13A1A0162C00000100000001 /* Assets.xcassets */ = {isa = PBXFileReference; lastKnownFileType = folder.assetcatalog; path = Assets.xcassets; sourceTree = "<group>"; };
		13A1A0172C00000100000001 /* ScanAppAction.swift */ = {isa = PBXFileReference; lastKnownFileType = sourcecode.swift; path = ScanAppAction.swift; sourceTree = "<group>"; };
		13A1A0182C00000100000001 /* MatrixRainOverlay.swift */ = {isa = PBXFileReference; lastKnownFileType = sourcecode.swift; path = MatrixRainOverlay.swift; sourceTree = "<group>"; };
		13A1A0192C00000100000001 /* ScanCodeWidgetsExtension.appex */ = {isa = PBXFileReference; explicitFileType = "wrapper.app-extension"; includeInIndex = 0; path = ScanCodeWidgetsExtension.appex; sourceTree = BUILT_PRODUCTS_DIR; };
		13A1A01A2C00000100000001 /* ScanCodeWidgetsBundle.swift */ = {isa = PBXFileReference; lastKnownFileType = sourcecode.swift; path = ScanCodeWidgetsBundle.swift; sourceTree = "<group>"; };
		13A1A01B2C00000100000001 /* ScanWidget.swift */ = {isa = PBXFileReference; lastKnownFileType = sourcecode.swift; path = ScanWidget.swift; sourceTree = "<group>"; };
		13A1A01C2C00000100000001 /* Info.plist */ = {isa = PBXFileReference; lastKnownFileType = text.plist.xml; path = Info.plist; sourceTree = "<group>"; };
		13A1A01D2C00000100000001 /* ScanLiveActivityAttributes.swift */ = {isa = PBXFileReference; lastKnownFileType = sourcecode.swift; path = ScanLiveActivityAttributes.swift; sourceTree = "<group>"; };
		13A1A01E2C00000100000001 /* ScanCodeLiveActivityWidget.swift */ = {isa = PBXFileReference; lastKnownFileType = sourcecode.swift; path = ScanCodeLiveActivityWidget.swift; sourceTree = "<group>"; };
		13A1A01F2C00000100000001 /* Assets.xcassets */ = {isa = PBXFileReference; lastKnownFileType = folder.assetcatalog; path = Assets.xcassets; sourceTree = "<group>"; };
/* End PBXFileReference section */

/* Begin PBXFrameworksBuildPhase section */
		13A1A0202C00000100000001 /* Frameworks */ = {
			isa = PBXFrameworksBuildPhase;
			buildActionMask = 2147483647;
			files = (
			);
			runOnlyForDeploymentPostprocessing = 0;
		};
		13A1A0222C00000100000001 /* Frameworks */ = {
			isa = PBXFrameworksBuildPhase;
			buildActionMask = 2147483647;
			files = (
			);
			runOnlyForDeploymentPostprocessing = 0;
		};
/* End PBXFrameworksBuildPhase section */

/* Begin PBXGroup section */
		13A1A0302C00000100000001 = {
			isa = PBXGroup;
			children = (
				13A1A0312C00000100000001 /* ScanCode */,
				13A1A0332C00000100000001 /* Shared */,
				13A1A0342C00000100000001 /* ScanCodeWidgets */,
				13A1A0322C00000100000001 /* Products */,
			);
			sourceTree = "<group>";
		};
		13A1A0312C00000100000001 /* ScanCode */ = {
			isa = PBXGroup;
			children = (
				13A1A0112C00000100000001 /* AppDelegate.swift */,
				13A1A0122C00000100000001 /* SceneDelegate.swift */,
				13A1A0132C00000100000001 /* ScanViewController.swift */,
				13A1A0182C00000100000001 /* MatrixRainOverlay.swift */,
				13A1A0142C00000100000001 /* LaunchScreen.storyboard */,
				13A1A0152C00000100000001 /* Info.plist */,
				13A1A0162C00000100000001 /* Assets.xcassets */,
			);
			path = ScanCode;
			sourceTree = "<group>";
		};
		13A1A0332C00000100000001 /* Shared */ = {
			isa = PBXGroup;
			children = (
				13A1A0172C00000100000001 /* ScanAppAction.swift */,
				13A1A01D2C00000100000001 /* ScanLiveActivityAttributes.swift */,
			);
			path = Shared;
			sourceTree = "<group>";
		};
		13A1A0342C00000100000001 /* ScanCodeWidgets */ = {
			isa = PBXGroup;
			children = (
				13A1A01A2C00000100000001 /* ScanCodeWidgetsBundle.swift */,
				13A1A01B2C00000100000001 /* ScanWidget.swift */,
				13A1A01E2C00000100000001 /* ScanCodeLiveActivityWidget.swift */,
				13A1A01C2C00000100000001 /* Info.plist */,
				13A1A01F2C00000100000001 /* Assets.xcassets */,
			);
			path = ScanCodeWidgets;
			sourceTree = "<group>";
		};
		13A1A0322C00000100000001 /* Products */ = {
			isa = PBXGroup;
			children = (
				13A1A0102C00000100000001 /* ScanCode.app */,
				13A1A0192C00000100000001 /* ScanCodeWidgetsExtension.appex */,
			);
			name = Products;
			sourceTree = "<group>";
		};
/* End PBXGroup section */

/* Begin PBXNativeTarget section */
		13A1A0402C00000100000001 /* ScanCode */ = {
			isa = PBXNativeTarget;
			buildConfigurationList = 13A1A0902C00000100000001 /* Build configuration list for PBXNativeTarget "ScanCode" */;
			buildPhases = (
				13A1A0502C00000100000001 /* Sources */,
				13A1A0202C00000100000001 /* Frameworks */,
				13A1A0602C00000100000001 /* Resources */,
				13A1A0212C00000100000001 /* Embed App Extensions */,
			);
			buildRules = (
			);
			dependencies = (
				13A1A0C02C00000100000001 /* PBXTargetDependency */,
			);
			name = ScanCode;
			productName = ScanCode;
			productReference = 13A1A0102C00000100000001 /* ScanCode.app */;
			productType = "com.apple.product-type.application";
		};
		13A1A0412C00000100000001 /* ScanCodeWidgetsExtension */ = {
			isa = PBXNativeTarget;
			buildConfigurationList = 13A1A0D02C00000100000001 /* Build configuration list for PBXNativeTarget "ScanCodeWidgetsExtension" */;
			buildPhases = (
				13A1A0512C00000100000001 /* Sources */,
				13A1A0222C00000100000001 /* Frameworks */,
				13A1A0612C00000100000001 /* Resources */,
			);
			buildRules = (
			);
			dependencies = (
			);
			name = ScanCodeWidgetsExtension;
			productName = ScanCodeWidgetsExtension;
			productReference = 13A1A0192C00000100000001 /* ScanCodeWidgetsExtension.appex */;
			productType = "com.apple.product-type.app-extension";
		};
/* End PBXNativeTarget section */

/* Begin PBXProject section */
		13A1A0702C00000100000001 /* Project object */ = {
			isa = PBXProject;
			attributes = {
				BuildIndependentTargetsInParallel = 1;
				LastSwiftUpdateCheck = 2600;
				LastUpgradeCheck = 2600;
				TargetAttributes = {
					13A1A0402C00000100000001 = {
						CreatedOnToolsVersion = 26.0;
					};
					13A1A0412C00000100000001 = {
						CreatedOnToolsVersion = 26.0;
					};
				};
			};
			buildConfigurationList = 13A1A0802C00000100000001 /* Build configuration list for PBXProject "ScanCode" */;
			compatibilityVersion = "Xcode 14.0";
			developmentRegion = en;
			hasScannedForEncodings = 0;
			knownRegions = (
				en,
				Base,
			);
			mainGroup = 13A1A0302C00000100000001;
			productRefGroup = 13A1A0322C00000100000001 /* Products */;
			projectDirPath = "";
			projectRoot = "";
			targets = (
				13A1A0402C00000100000001 /* ScanCode */,
				13A1A0412C00000100000001 /* ScanCodeWidgetsExtension */,
			);
		};
/* End PBXProject section */

/* Begin PBXResourcesBuildPhase section */
		13A1A0602C00000100000001 /* Resources */ = {
			isa = PBXResourcesBuildPhase;
			buildActionMask = 2147483647;
			files = (
				13A1A0052C00000100000001 /* Assets.xcassets in Resources */,
				13A1A0042C00000100000001 /* LaunchScreen.storyboard in Resources */,
			);
			runOnlyForDeploymentPostprocessing = 0;
		};
		13A1A0612C00000100000001 /* Resources */ = {
			isa = PBXResourcesBuildPhase;
			buildActionMask = 2147483647;
			files = (
				13A1A00E2C00000100000001 /* Assets.xcassets in Resources */,
			);
			runOnlyForDeploymentPostprocessing = 0;
		};
/* End PBXResourcesBuildPhase section */

/* Begin PBXSourcesBuildPhase section */
		13A1A0502C00000100000001 /* Sources */ = {
			isa = PBXSourcesBuildPhase;
			buildActionMask = 2147483647;
			files = (
				13A1A0012C00000100000001 /* AppDelegate.swift in Sources */,
				13A1A0062C00000100000001 /* ScanAppAction.swift in Sources */,
				13A1A00B2C00000100000001 /* ScanLiveActivityAttributes.swift in Sources */,
				13A1A0022C00000100000001 /* SceneDelegate.swift in Sources */,
				13A1A0032C00000100000001 /* ScanViewController.swift in Sources */,
				13A1A00F2C00000100000001 /* MatrixRainOverlay.swift in Sources */,
			);
			runOnlyForDeploymentPostprocessing = 0;
		};
		13A1A0512C00000100000001 /* Sources */ = {
			isa = PBXSourcesBuildPhase;
			buildActionMask = 2147483647;
			files = (
				13A1A0092C00000100000001 /* ScanAppAction.swift in Sources */,
				13A1A00C2C00000100000001 /* ScanLiveActivityAttributes.swift in Sources */,
				13A1A0082C00000100000001 /* ScanWidget.swift in Sources */,
				13A1A00D2C00000100000001 /* ScanCodeLiveActivityWidget.swift in Sources */,
				13A1A0072C00000100000001 /* ScanCodeWidgetsBundle.swift in Sources */,
			);
			runOnlyForDeploymentPostprocessing = 0;
		};
/* End PBXSourcesBuildPhase section */

/* Begin PBXTargetDependency section */
		13A1A0C02C00000100000001 /* PBXTargetDependency */ = {
			isa = PBXTargetDependency;
			target = 13A1A0412C00000100000001 /* ScanCodeWidgetsExtension */;
			targetProxy = 13A1A0B02C00000100000001 /* PBXContainerItemProxy */;
		};
/* End PBXTargetDependency section */

/* Begin XCBuildConfiguration section */
		13A1A0812C00000100000001 /* Debug */ = {
			isa = XCBuildConfiguration;
			buildSettings = {
				ALWAYS_SEARCH_USER_PATHS = NO;
				CLANG_ANALYZER_NONNULL = YES;
				CLANG_ANALYZER_NUMBER_OBJECT_CONVERSION = YES_AGGRESSIVE;
				CLANG_CXX_LANGUAGE_STANDARD = "gnu++20";
				CLANG_ENABLE_MODULES = YES;
				CLANG_ENABLE_OBJC_ARC = YES;
				CLANG_ENABLE_OBJC_WEAK = YES;
				CLANG_WARN_BLOCK_CAPTURE_AUTORELEASING = YES;
				CLANG_WARN_BOOL_CONVERSION = YES;
				CLANG_WARN_COMMA = YES;
				CLANG_WARN_CONSTANT_CONVERSION = YES;
				CLANG_WARN_DEPRECATED_OBJC_IMPLEMENTATIONS = YES;
				CLANG_WARN_DIRECT_OBJC_ISA_USAGE = YES_ERROR;
				CLANG_WARN_DOCUMENTATION_COMMENTS = YES;
				CLANG_WARN_EMPTY_BODY = YES;
				CLANG_WARN_ENUM_CONVERSION = YES;
				CLANG_WARN_INFINITE_RECURSION = YES;
				CLANG_WARN_INT_CONVERSION = YES;
				CLANG_WARN_NON_LITERAL_NULL_CONVERSION = YES;
				CLANG_WARN_OBJC_IMPLICIT_RETAIN_SELF = YES;
				CLANG_WARN_OBJC_LITERAL_CONVERSION = YES;
				CLANG_WARN_OBJC_ROOT_CLASS = YES_ERROR;
				CLANG_WARN_QUOTED_INCLUDE_IN_FRAMEWORK_HEADER = YES;
				CLANG_WARN_RANGE_LOOP_ANALYSIS = YES;
				CLANG_WARN_STRICT_PROTOTYPES = YES;
				CLANG_WARN_SUSPICIOUS_MOVE = YES;
				CLANG_WARN_UNGUARDED_AVAILABILITY = YES_AGGRESSIVE;
				CLANG_WARN_UNREACHABLE_CODE = YES;
				CLANG_WARN__DUPLICATE_METHOD_MATCH = YES;
				COPY_PHASE_STRIP = NO;
				DEBUG_INFORMATION_FORMAT = dwarf;
				ENABLE_STRICT_OBJC_MSGSEND = YES;
				ENABLE_TESTABILITY = YES;
				ENABLE_USER_SCRIPT_SANDBOXING = YES;
				GCC_C_LANGUAGE_STANDARD = gnu17;
				GCC_DYNAMIC_NO_PIC = NO;
				GCC_NO_COMMON_BLOCKS = YES;
				GCC_OPTIMIZATION_LEVEL = 0;
				GCC_PREPROCESSOR_DEFINITIONS = (
					"DEBUG=1",
					"$(inherited)",
				);
				GCC_WARN_64_TO_32_BIT_CONVERSION = YES;
				GCC_WARN_ABOUT_RETURN_TYPE = YES_ERROR;
				GCC_WARN_UNDECLARED_SELECTOR = YES;
				GCC_WARN_UNINITIALIZED_AUTOS = YES_AGGRESSIVE;
				GCC_WARN_UNUSED_FUNCTION = YES;
				GCC_WARN_UNUSED_VARIABLE = YES;
				IPHONEOS_DEPLOYMENT_TARGET = 26.0;
				LOCALIZATION_PREFERS_STRING_CATALOGS = YES;
				MTL_ENABLE_DEBUG_INFO = INCLUDE_SOURCE;
				MTL_FAST_MATH = YES;
				ONLY_ACTIVE_ARCH = YES;
				SDKROOT = iphoneos;
				SWIFT_ACTIVE_COMPILATION_CONDITIONS = DEBUG;
				SWIFT_OPTIMIZATION_LEVEL = "-Onone";
			};
			name = Debug;
		};
		13A1A0822C00000100000001 /* Release */ = {
			isa = XCBuildConfiguration;
			buildSettings = {
				ALWAYS_SEARCH_USER_PATHS = NO;
				CLANG_ANALYZER_NONNULL = YES;
				CLANG_ANALYZER_NUMBER_OBJECT_CONVERSION = YES_AGGRESSIVE;
				CLANG_CXX_LANGUAGE_STANDARD = "gnu++20";
				CLANG_ENABLE_MODULES = YES;
				CLANG_ENABLE_OBJC_ARC = YES;
				CLANG_ENABLE_OBJC_WEAK = YES;
				CLANG_WARN_BLOCK_CAPTURE_AUTORELEASING = YES;
				CLANG_WARN_BOOL_CONVERSION = YES;
				CLANG_WARN_COMMA = YES;
				CLANG_WARN_CONSTANT_CONVERSION = YES;
				CLANG_WARN_DEPRECATED_OBJC_IMPLEMENTATIONS = YES;
				CLANG_WARN_DIRECT_OBJC_ISA_USAGE = YES_ERROR;
				CLANG_WARN_DOCUMENTATION_COMMENTS = YES;
				CLANG_WARN_EMPTY_BODY = YES;
				CLANG_WARN_ENUM_CONVERSION = YES;
				CLANG_WARN_INFINITE_RECURSION = YES;
				CLANG_WARN_INT_CONVERSION = YES;
				CLANG_WARN_NON_LITERAL_NULL_CONVERSION = YES;
				CLANG_WARN_OBJC_IMPLICIT_RETAIN_SELF = YES;
				CLANG_WARN_OBJC_LITERAL_CONVERSION = YES;
				CLANG_WARN_OBJC_ROOT_CLASS = YES_ERROR;
				CLANG_WARN_QUOTED_INCLUDE_IN_FRAMEWORK_HEADER = YES;
				CLANG_WARN_RANGE_LOOP_ANALYSIS = YES;
				CLANG_WARN_STRICT_PROTOTYPES = YES;
				CLANG_WARN_SUSPICIOUS_MOVE = YES;
				CLANG_WARN_UNGUARDED_AVAILABILITY = YES_AGGRESSIVE;
				CLANG_WARN_UNREACHABLE_CODE = YES;
				CLANG_WARN__DUPLICATE_METHOD_MATCH = YES;
				COPY_PHASE_STRIP = NO;
				DEBUG_INFORMATION_FORMAT = "dwarf-with-dsym";
				ENABLE_NS_ASSERTIONS = NO;
				ENABLE_STRICT_OBJC_MSGSEND = YES;
				ENABLE_USER_SCRIPT_SANDBOXING = YES;
				GCC_C_LANGUAGE_STANDARD = gnu17;
				GCC_NO_COMMON_BLOCKS = YES;
				GCC_WARN_64_TO_32_BIT_CONVERSION = YES;
				GCC_WARN_ABOUT_RETURN_TYPE = YES_ERROR;
				GCC_WARN_UNDECLARED_SELECTOR = YES;
				GCC_WARN_UNINITIALIZED_AUTOS = YES_AGGRESSIVE;
				GCC_WARN_UNUSED_FUNCTION = YES;
				GCC_WARN_UNUSED_VARIABLE = YES;
				IPHONEOS_DEPLOYMENT_TARGET = 26.0;
				LOCALIZATION_PREFERS_STRING_CATALOGS = YES;
				MTL_ENABLE_DEBUG_INFO = NO;
				MTL_FAST_MATH = YES;
				SDKROOT = iphoneos;
				SWIFT_COMPILATION_MODE = wholemodule;
				VALIDATE_PRODUCT = YES;
			};
			name = Release;
		};
		13A1A0912C00000100000001 /* Debug */ = {
			isa = XCBuildConfiguration;
			buildSettings = {
				ASSETCATALOG_COMPILER_APPICON_NAME = AppIcon;
				ASSETCATALOG_COMPILER_GENERATE_SWIFT_ASSET_SYMBOL_EXTENSIONS = YES;
				ASSETCATALOG_COMPILER_GLOBAL_ACCENT_COLOR_NAME = AccentColor;
				CODE_SIGN_STYLE = Automatic;
				CURRENT_PROJECT_VERSION = 1;
				GENERATE_INFOPLIST_FILE = NO;
				INFOPLIST_FILE = ScanCode/Info.plist;
				IPHONEOS_DEPLOYMENT_TARGET = 26.0;
				LD_RUNPATH_SEARCH_PATHS = (
					"$(inherited)",
					"@executable_path/Frameworks",
				);
				MARKETING_VERSION = 2.0;
				PRODUCT_BUNDLE_IDENTIFIER = com.codex.scancode;
				PRODUCT_NAME = "$(TARGET_NAME)";
				SUPPORTED_PLATFORMS = "iphoneos iphonesimulator";
				SUPPORTS_MACCATALYST = NO;
				SUPPORTS_MAC_DESIGNED_FOR_IPHONE_IPAD = NO;
				SWIFT_EMIT_LOC_STRINGS = YES;
				SWIFT_VERSION = 5.0;
				TARGETED_DEVICE_FAMILY = "1,2";
			};
			name = Debug;
		};
		13A1A0922C00000100000001 /* Release */ = {
			isa = XCBuildConfiguration;
			buildSettings = {
				ASSETCATALOG_COMPILER_APPICON_NAME = AppIcon;
				ASSETCATALOG_COMPILER_GENERATE_SWIFT_ASSET_SYMBOL_EXTENSIONS = YES;
				ASSETCATALOG_COMPILER_GLOBAL_ACCENT_COLOR_NAME = AccentColor;
				CODE_SIGN_STYLE = Automatic;
				COPY_PHASE_STRIP = NO;
				CURRENT_PROJECT_VERSION = 1;
				GENERATE_INFOPLIST_FILE = NO;
				INFOPLIST_FILE = ScanCode/Info.plist;
				IPHONEOS_DEPLOYMENT_TARGET = 26.0;
				LD_RUNPATH_SEARCH_PATHS = (
					"$(inherited)",
					"@executable_path/Frameworks",
				);
				MARKETING_VERSION = 2.0;
				PRODUCT_BUNDLE_IDENTIFIER = com.codex.scancode;
				PRODUCT_NAME = "$(TARGET_NAME)";
				SUPPORTED_PLATFORMS = "iphoneos iphonesimulator";
				SUPPORTS_MACCATALYST = NO;
				SUPPORTS_MAC_DESIGNED_FOR_IPHONE_IPAD = NO;
				SWIFT_EMIT_LOC_STRINGS = YES;
				SWIFT_VERSION = 5.0;
				TARGETED_DEVICE_FAMILY = "1,2";
			};
			name = Release;
		};
		13A1A0932C00000100000001 /* Debug */ = {
			isa = XCBuildConfiguration;
			buildSettings = {
				APPLICATION_EXTENSION_API_ONLY = YES;
				CODE_SIGN_STYLE = Automatic;
				CURRENT_PROJECT_VERSION = 1;
				GENERATE_INFOPLIST_FILE = NO;
				INFOPLIST_FILE = ScanCodeWidgets/Info.plist;
				IPHONEOS_DEPLOYMENT_TARGET = 26.0;
				LD_RUNPATH_SEARCH_PATHS = (
					"$(inherited)",
					"@executable_path/Frameworks",
					"@executable_path/../../Frameworks",
				);
				MARKETING_VERSION = 2.0;
				PRODUCT_BUNDLE_IDENTIFIER = com.codex.scancode.widgets;
				PRODUCT_NAME = "$(TARGET_NAME)";
				SKIP_INSTALL = YES;
				SUPPORTED_PLATFORMS = "iphoneos iphonesimulator";
				SWIFT_EMIT_LOC_STRINGS = YES;
				SWIFT_VERSION = 5.0;
				TARGETED_DEVICE_FAMILY = "1,2";
			};
			name = Debug;
		};
		13A1A0942C00000100000001 /* Release */ = {
			isa = XCBuildConfiguration;
			buildSettings = {
				APPLICATION_EXTENSION_API_ONLY = YES;
				CODE_SIGN_STYLE = Automatic;
				COPY_PHASE_STRIP = NO;
				CURRENT_PROJECT_VERSION = 1;
				GENERATE_INFOPLIST_FILE = NO;
				INFOPLIST_FILE = ScanCodeWidgets/Info.plist;
				IPHONEOS_DEPLOYMENT_TARGET = 26.0;
				LD_RUNPATH_SEARCH_PATHS = (
					"$(inherited)",
					"@executable_path/Frameworks",
					"@executable_path/../../Frameworks",
				);
				MARKETING_VERSION = 2.0;
				PRODUCT_BUNDLE_IDENTIFIER = com.codex.scancode.widgets;
				PRODUCT_NAME = "$(TARGET_NAME)";
				SKIP_INSTALL = YES;
				SUPPORTED_PLATFORMS = "iphoneos iphonesimulator";
				SWIFT_EMIT_LOC_STRINGS = YES;
				SWIFT_VERSION = 5.0;
				TARGETED_DEVICE_FAMILY = "1,2";
			};
			name = Release;
		};
/* End XCBuildConfiguration section */

/* Begin XCConfigurationList section */
		13A1A0802C00000100000001 /* Build configuration list for PBXProject "ScanCode" */ = {
			isa = XCConfigurationList;
			buildConfigurations = (
				13A1A0812C00000100000001 /* Debug */,
				13A1A0822C00000100000001 /* Release */,
			);
			defaultConfigurationIsVisible = 0;
			defaultConfigurationName = Release;
		};
		13A1A0902C00000100000001 /* Build configuration list for PBXNativeTarget "ScanCode" */ = {
			isa = XCConfigurationList;
			buildConfigurations = (
				13A1A0912C00000100000001 /* Debug */,
				13A1A0922C00000100000001 /* Release */,
			);
			defaultConfigurationIsVisible = 0;
			defaultConfigurationName = Release;
		};
		13A1A0D02C00000100000001 /* Build configuration list for PBXNativeTarget "ScanCodeWidgetsExtension" */ = {
			isa = XCConfigurationList;
			buildConfigurations = (
				13A1A0932C00000100000001 /* Debug */,
				13A1A0942C00000100000001 /* Release */,
			);
			defaultConfigurationIsVisible = 0;
			defaultConfigurationName = Release;
		};
/* End XCConfigurationList section */
	};
	rootObject = 13A1A0702C00000100000001 /* Project object */;
}
